
Microsoft Visual Studio Solution File, Format Version 12.00
# Visual Studio Version 17
VisualStudioVersion = 17.0.32126.317
MinimumVisualStudioVersion = 10.0.40219.1
Project("{FAE04EC0-301F-11D3-BF4B-00C04F79EFBC}") = "Yousef_Heidari_hw05_maktab71_Q4", "Yousef_Heidari_hw05_maktab71_Q4\Yousef_Heidari_hw05_maktab71_Q4.csproj", "{3DE4DB5C-BFE3-4EA0-A962-71D04266ED56}"
EndProject
Global
	GlobalSection(SolutionConfigurationPlatforms) = preSolution
		Debug|Any CPU = Debug|Any CPU
		Release|Any CPU = Release|Any CPU
	EndGlobalSection
	GlobalSection(ProjectConfigurationPlatforms) = postSolution
		{3DE4DB5C-BFE3-4EA0-A962-71D04266ED56}.Debug|Any CPU.ActiveCfg = Debug|Any CPU
		{3DE4DB5C-BFE3-4EA0-A962-71D04266ED56}.Debug|Any CPU.Build.0 = Debug|Any CPU
		{3DE4DB5C-BFE3-4EA0-A962-71D04266ED56}.Release|Any CPU.ActiveCfg = Release|Any CPU
		{3DE4DB5C-BFE3-4EA0-A962-71D04266ED56}.Release|Any CPU.Build.0 = Release|Any CPU
	EndGlobalSection
	GlobalSection(SolutionProperties) = preSolution
		HideSolutionNode = FALSE
	EndGlobalSection
	GlobalSection(ExtensibilityGlobals) = postSolution
		SolutionGuid = {273673D7-C659-4796-893B-6CD913B2A6CB}
	EndGlobalSection
EndGlobal
