
Microsoft Visual Studio Solution File, Format Version 12.00
# Visual Studio Version 17
VisualStudioVersion = 17.0.32126.317
MinimumVisualStudioVersion = 10.0.40219.1
Project("{FAE04EC0-301F-11D3-BF4B-00C04F79EFBC}") = "Hw05-Part2and3", "Hw05-Part2and3\Hw05-Part2and3.csproj", "{886F317C-E42F-41B0-AF74-67B45E9AA791}"
EndProject
Global
	GlobalSection(SolutionConfigurationPlatforms) = preSolution
		Debug|Any CPU = Debug|Any CPU
		Release|Any CPU = Release|Any CPU
	EndGlobalSection
	GlobalSection(ProjectConfigurationPlatforms) = postSolution
		{886F317C-E42F-41B0-AF74-67B45E9AA791}.Debug|Any CPU.ActiveCfg = Debug|Any CPU
		{886F317C-E42F-41B0-AF74-67B45E9AA791}.Debug|Any CPU.Build.0 = Debug|Any CPU
		{886F317C-E42F-41B0-AF74-67B45E9AA791}.Release|Any CPU.ActiveCfg = Release|Any CPU
		{886F317C-E42F-41B0-AF74-67B45E9AA791}.Release|Any CPU.Build.0 = Release|Any CPU
	EndGlobalSection
	GlobalSection(SolutionProperties) = preSolution
		HideSolutionNode = FALSE
	EndGlobalSection
	GlobalSection(ExtensibilityGlobals) = postSolution
		SolutionGuid = {6B70DB1E-521A-4D0A-A798-55D427123BFA}
	EndGlobalSection
EndGlobal
